
Microsoft Visual Studio Solution File, Format Version 12.00
# Visual Studio Version 17
VisualStudioVersion = 17.8.34525.116
MinimumVisualStudioVersion = 10.0.40219.1
Project("{FAE04EC0-301F-11D3-BF4B-00C04F79EFBC}") = "TrucksApi", "TrucksApi\TrucksApi.csproj", "{48621928-1019-43ED-9E48-333BA20D2BAD}"
EndProject
Project("{FAE04EC0-301F-11D3-BF4B-00C04F79EFBC}") = "TrucksApi.Tests", "TrucksApi.Tests\TrucksApi.Tests.csproj", "{C6302A40-B081-482B-BA96-1CC4AF25C147}"
EndProject
Global
	GlobalSection(SolutionConfigurationPlatforms) = preSolution
		Debug|Any CPU = Debug|Any CPU
		Release|Any CPU = Release|Any CPU
	EndGlobalSection
	GlobalSection(ProjectConfigurationPlatforms) = postSolution
		{48621928-1019-43ED-9E48-333BA20D2BAD}.Debug|Any CPU.ActiveCfg = Debug|Any CPU
		{48621928-1019-43ED-9E48-333BA20D2BAD}.Debug|Any CPU.Build.0 = Debug|Any CPU
		{48621928-1019-43ED-9E48-333BA20D2BAD}.Release|Any CPU.ActiveCfg = Release|Any CPU
		{48621928-1019-43ED-9E48-333BA20D2BAD}.Release|Any CPU.Build.0 = Release|Any CPU
		{C6302A40-B081-482B-BA96-1CC4AF25C147}.Debug|Any CPU.ActiveCfg = Debug|Any CPU
		{C6302A40-B081-482B-BA96-1CC4AF25C147}.Debug|Any CPU.Build.0 = Debug|Any CPU
		{C6302A40-B081-482B-BA96-1CC4AF25C147}.Release|Any CPU.ActiveCfg = Release|Any CPU
		{C6302A40-B081-482B-BA96-1CC4AF25C147}.Release|Any CPU.Build.0 = Release|Any CPU
	EndGlobalSection
	GlobalSection(SolutionProperties) = preSolution
		HideSolutionNode = FALSE
	EndGlobalSection
	GlobalSection(ExtensibilityGlobals) = postSolution
		SolutionGuid = {BA06D7D2-9BFF-410E-A6B6-64A57499BD2E}
	EndGlobalSection
EndGlobal
